
Microsoft Visual Studio Solution File, Format Version 12.00
# Visual Studio Version 17
VisualStudioVersion = 17.4.33015.44
MinimumVisualStudioVersion = 10.0.40219.1
Project("{FAE04EC0-301F-11D3-BF4B-00C04F79EFBC}") = "websocket_client", "websocket_client\websocket_client.csproj", "{881C6D45-47A1-4326-8447-365F9B9A7989}"
EndProject
Global
	GlobalSection(SolutionConfigurationPlatforms) = preSolution
		Debug|Any CPU = Debug|Any CPU
		Release|Any CPU = Release|Any CPU
	EndGlobalSection
	GlobalSection(ProjectConfigurationPlatforms) = postSolution
		{881C6D45-47A1-4326-8447-365F9B9A7989}.Debug|Any CPU.ActiveCfg = Debug|Any CPU
		{881C6D45-47A1-4326-8447-365F9B9A7989}.Debug|Any CPU.Build.0 = Debug|Any CPU
		{881C6D45-47A1-4326-8447-365F9B9A7989}.Release|Any CPU.ActiveCfg = Release|Any CPU
		{881C6D45-47A1-4326-8447-365F9B9A7989}.Release|Any CPU.Build.0 = Release|Any CPU
	EndGlobalSection
	GlobalSection(SolutionProperties) = preSolution
		HideSolutionNode = FALSE
	EndGlobalSection
	GlobalSection(ExtensibilityGlobals) = postSolution
		SolutionGuid = {F3DE3A47-E56F-4564-94F9-569EB6FA77D8}
	EndGlobalSection
EndGlobal
